
Microsoft Visual Studio Solution File, Format Version 12.00
# Visual Studio 2013
VisualStudioVersion = 12.0.31101.0
MinimumVisualStudioVersion = 10.0.40219.1
Project("{FAE04EC0-301F-11D3-BF4B-00C04F79EFBC}") = "DDD_Backend.DataAccess", "DDD_Backend.DataAccess\DDD_Backend.DataAccess.csproj", "{A8601CE9-17E5-4A9C-B55B-B06F5AEE5CE2}"
EndProject
Project("{FAE04EC0-301F-11D3-BF4B-00C04F79EFBC}") = "DDD_Backend.Domain", "DDD_Backend.Domain\DDD_Backend.Domain.csproj", "{D26CA2A1-BECF-45BD-9E27-281018978EBB}"
EndProject
Project("{FAE04EC0-301F-11D3-BF4B-00C04F79EFBC}") = "DDD_Backend.Repository", "DDD_Backend.Repository\DDD_Backend.Repository.csproj", "{C5969010-CBBC-4CD3-B003-CCFA4FD81A2D}"
EndProject
Project("{FAE04EC0-301F-11D3-BF4B-00C04F79EFBC}") = "DDD_Backend.Services", "DDD_Backend.Services\DDD_Backend.Services.csproj", "{1A2E0E83-D317-4F0B-BAB1-30A834F1417D}"
EndProject
Global
	GlobalSection(SolutionConfigurationPlatforms) = preSolution
		Debug|Any CPU = Debug|Any CPU
		Release|Any CPU = Release|Any CPU
	EndGlobalSection
	GlobalSection(ProjectConfigurationPlatforms) = postSolution
		{A8601CE9-17E5-4A9C-B55B-B06F5AEE5CE2}.Debug|Any CPU.ActiveCfg = Debug|Any CPU
		{A8601CE9-17E5-4A9C-B55B-B06F5AEE5CE2}.Debug|Any CPU.Build.0 = Debug|Any CPU
		{A8601CE9-17E5-4A9C-B55B-B06F5AEE5CE2}.Release|Any CPU.ActiveCfg = Release|Any CPU
		{A8601CE9-17E5-4A9C-B55B-B06F5AEE5CE2}.Release|Any CPU.Build.0 = Release|Any CPU
		{D26CA2A1-BECF-45BD-9E27-281018978EBB}.Debug|Any CPU.ActiveCfg = Debug|Any CPU
		{D26CA2A1-BECF-45BD-9E27-281018978EBB}.Debug|Any CPU.Build.0 = Debug|Any CPU
		{D26CA2A1-BECF-45BD-9E27-281018978EBB}.Release|Any CPU.ActiveCfg = Release|Any CPU
		{D26CA2A1-BECF-45BD-9E27-281018978EBB}.Release|Any CPU.Build.0 = Release|Any CPU
		{C5969010-CBBC-4CD3-B003-CCFA4FD81A2D}.Debug|Any CPU.ActiveCfg = Debug|Any CPU
		{C5969010-CBBC-4CD3-B003-CCFA4FD81A2D}.Debug|Any CPU.Build.0 = Debug|Any CPU
		{C5969010-CBBC-4CD3-B003-CCFA4FD81A2D}.Release|Any CPU.ActiveCfg = Release|Any CPU
		{C5969010-CBBC-4CD3-B003-CCFA4FD81A2D}.Release|Any CPU.Build.0 = Release|Any CPU
		{1A2E0E83-D317-4F0B-BAB1-30A834F1417D}.Debug|Any CPU.ActiveCfg = Debug|Any CPU
		{1A2E0E83-D317-4F0B-BAB1-30A834F1417D}.Debug|Any CPU.Build.0 = Debug|Any CPU
		{1A2E0E83-D317-4F0B-BAB1-30A834F1417D}.Release|Any CPU.ActiveCfg = Release|Any CPU
		{1A2E0E83-D317-4F0B-BAB1-30A834F1417D}.Release|Any CPU.Build.0 = Release|Any CPU
	EndGlobalSection
	GlobalSection(SolutionProperties) = preSolution
		HideSolutionNode = FALSE
	EndGlobalSection
EndGlobal
